// !$*UTF8*$!
{
	archiveVersion = 1;
	classes = {
	};
	objectVersion = 46;
	objects = {

/* Begin PBXBuildFile section */
		139A219D1BDF200740BF075A /* Pods.framework in Frameworks */ = {isa = PBXBuildFile; fileRef = 68E73A1C6ADD55EDDAF0F261 /* Pods.framework */; settings = {ATTRIBUTES = (Weak, ); }; };
		D54663B41B44852B0089FD2D /* CBaseCollectionViewLayout.swift in Sources */ = {isa = PBXBuildFile; fileRef = D54663B11B44852B0089FD2D /* CBaseCollectionViewLayout.swift */; };
		D54663B51B44852B0089FD2D /* CPolygonCollectionViewLayout.swift in Sources */ = {isa = PBXBuildFile; fileRef = D54663B21B44852B0089FD2D /* CPolygonCollectionViewLayout.swift */; };
		D54663B61B44852B0089FD2D /* CRectangleCollectionViewLayout.swift in Sources */ = {isa = PBXBuildFile; fileRef = D54663B31B44852B0089FD2D /* CRectangleCollectionViewLayout.swift */; };
		D54663B91B4485480089FD2D /* CPolygonCollectionViewCell.swift in Sources */ = {isa = PBXBuildFile; fileRef = D54663B71B4485480089FD2D /* CPolygonCollectionViewCell.swift */; };
		D54663BA1B4485480089FD2D /* CRectangleCollectionViewCell.swift in Sources */ = {isa = PBXBuildFile; fileRef = D54663B81B4485480089FD2D /* CRectangleCollectionViewCell.swift */; };
		D54663BE1B44856D0089FD2D /* CBaseCollectionViewController.swift in Sources */ = {isa = PBXBuildFile; fileRef = D54663BB1B44856D0089FD2D /* CBaseCollectionViewController.swift */; };
		D54663BF1B44856D0089FD2D /* CPolygonCollectionViewController.swift in Sources */ = {isa = PBXBuildFile; fileRef = D54663BC1B44856D0089FD2D /* CPolygonCollectionViewController.swift */; };
		D54663C01B44856D0089FD2D /* CRectangleCollectionViewController.swift in Sources */ = {isa = PBXBuildFile; fileRef = D54663BD1B44856D0089FD2D /* CRectangleCollectionViewController.swift */; };
		D55ADDE21B447DC800ADB226 /* AppDelegate.swift in Sources */ = {isa = PBXBuildFile; fileRef = D55ADDE11B447DC800ADB226 /* AppDelegate.swift */; };
		D55ADDE91B447DC800ADB226 /* Main.storyboard in Resources */ = {isa = PBXBuildFile; fileRef = D55ADDE71B447DC800ADB226 /* Main.storyboard */; };
		D55ADDEB1B447DC800ADB226 /* Images.xcassets in Resources */ = {isa = PBXBuildFile; fileRef = D55ADDEA1B447DC800ADB226 /* Images.xcassets */; };
		D55ADDEE1B447DC800ADB226 /* LaunchScreen.xib in Resources */ = {isa = PBXBuildFile; fileRef = D55ADDEC1B447DC800ADB226 /* LaunchScreen.xib */; };
/* End PBXBuildFile section */

/* Begin PBXFileReference section */
		191E0722E8E457B283C144D8 /* Pods.debug.xcconfig */ = {isa = PBXFileReference; includeInIndex = 1; lastKnownFileType = text.xcconfig; name = Pods.debug.xcconfig; path = "Pods/Target Support Files/Pods/Pods.debug.xcconfig"; sourceTree = "<group>"; };
		68E73A1C6ADD55EDDAF0F261 /* Pods.framework */ = {isa = PBXFileReference; explicitFileType = wrapper.framework; includeInIndex = 0; path = Pods.framework; sourceTree = BUILT_PRODUCTS_DIR; };
		D54663B11B44852B0089FD2D /* CBaseCollectionViewLayout.swift */ = {isa = PBXFileReference; fileEncoding = 4; lastKnownFileType = sourcecode.swift; name = CBaseCollectionViewLayout.swift; path = Layouts/CBaseCollectionViewLayout.swift; sourceTree = "<group>"; };
		D54663B21B44852B0089FD2D /* CPolygonCollectionViewLayout.swift */ = {isa = PBXFileReference; fileEncoding = 4; lastKnownFileType = sourcecode.swift; name = CPolygonCollectionViewLayout.swift; path = Layouts/CPolygonCollectionViewLayout.swift; sourceTree = "<group>"; };
		D54663B31B44852B0089FD2D /* CRectangleCollectionViewLayout.swift */ = {isa = PBXFileReference; fileEncoding = 4; lastKnownFileType = sourcecode.swift; name = CRectangleCollectionViewLayout.swift; path = Layouts/CRectangleCollectionViewLayout.swift; sourceTree = "<group>"; };
		D54663B71B4485480089FD2D /* CPolygonCollectionViewCell.swift */ = {isa = PBXFileReference; fileEncoding = 4; lastKnownFileType = sourcecode.swift; name = CPolygonCollectionViewCell.swift; path = Controls/CPolygonCollectionViewCell.swift; sourceTree = "<group>"; };
		D54663B81B4485480089FD2D /* CRectangleCollectionViewCell.swift */ = {isa = PBXFileReference; fileEncoding = 4; lastKnownFileType = sourcecode.swift; name = CRectangleCollectionViewCell.swift; path = Controls/CRectangleCollectionViewCell.swift; sourceTree = "<group>"; };
		D54663BB1B44856D0089FD2D /* CBaseCollectionViewController.swift */ = {isa = PBXFileReference; fileEncoding = 4; lastKnownFileType = sourcecode.swift; name = CBaseCollectionViewController.swift; path = Controllers/CBaseCollectionViewController.swift; sourceTree = "<group>"; };
		D54663BC1B44856D0089FD2D /* CPolygonCollectionViewController.swift */ = {isa = PBXFileReference; fileEncoding = 4; lastKnownFileType = sourcecode.swift; name = CPolygonCollectionViewController.swift; path = Controllers/CPolygonCollectionViewController.swift; sourceTree = "<group>"; };
		D54663BD1B44856D0089FD2D /* CRectangleCollectionViewController.swift */ = {isa = PBXFileReference; fileEncoding = 4; lastKnownFileType = sourcecode.swift; name = CRectangleCollectionViewController.swift; path = Controllers/CRectangleCollectionViewController.swift; sourceTree = "<group>"; };
		D55ADDDC1B447DC800ADB226 /* ConcentricGridViewExample.app */ = {isa = PBXFileReference; explicitFileType = wrapper.application; includeInIndex = 0; path = ConcentricGridViewExample.app; sourceTree = BUILT_PRODUCTS_DIR; };
		D55ADDE01B447DC800ADB226 /* Info.plist */ = {isa = PBXFileReference; lastKnownFileType = text.plist.xml; path = Info.plist; sourceTree = "<group>"; };
		D55ADDE11B447DC800ADB226 /* AppDelegate.swift */ = {isa = PBXFileReference; lastKnownFileType = sourcecode.swift; path = AppDelegate.swift; sourceTree = "<group>"; };
		D55ADDE81B447DC800ADB226 /* Base */ = {isa = PBXFileReference; lastKnownFileType = file.storyboard; name = Base; path = Base.lproj/Main.storyboard; sourceTree = "<group>"; };
		D55ADDEA1B447DC800ADB226 /* Images.xcassets */ = {isa = PBXFileReference; lastKnownFileType = folder.assetcatalog; path = Images.xcassets; sourceTree = "<group>"; };
		D55ADDED1B447DC800ADB226 /* Base */ = {isa = PBXFileReference; lastKnownFileType = file.xib; name = Base; path = Base.lproj/LaunchScreen.xib; sourceTree = "<group>"; };
		EBD9B7AB6A7FD2B4FE9BF00D /* Pods.release.xcconfig */ = {isa = PBXFileReference; includeInIndex = 1; lastKnownFileType = text.xcconfig; name = Pods.release.xcconfig; path = "Pods/Target Support Files/Pods/Pods.release.xcconfig"; sourceTree = "<group>"; };
/* End PBXFileReference section */

/* Begin PBXFrameworksBuildPhase section */
		D55ADDD91B447DC800ADB226 /* Frameworks */ = {
			isa = PBXFrameworksBuildPhase;
			buildActionMask = 2147483647;
			files = (
				139A219D1BDF200740BF075A /* Pods.framework in Frameworks */,
			);
			runOnlyForDeploymentPostprocessing = 0;
		};
/* End PBXFrameworksBuildPhase section */

/* Begin PBXGroup section */
		85A0FB6A0B5D3AFA832A277C /* Frameworks */ = {
			isa = PBXGroup;
			children = (
				68E73A1C6ADD55EDDAF0F261 /* Pods.framework */,
			);
			name = Frameworks;
			sourceTree = "<group>";
		};
		85F0903AB92B6593743E6A39 /* Pods */ = {
			isa = PBXGroup;
			children = (
				191E0722E8E457B283C144D8 /* Pods.debug.xcconfig */,
				EBD9B7AB6A7FD2B4FE9BF00D /* Pods.release.xcconfig */,
			);
			name = Pods;
			sourceTree = "<group>";
		};
		D528E1771B447F1D008C269E /* Controllers */ = {
			isa = PBXGroup;
			children = (
				D54663BB1B44856D0089FD2D /* CBaseCollectionViewController.swift */,
				D54663BC1B44856D0089FD2D /* CPolygonCollectionViewController.swift */,
				D54663BD1B44856D0089FD2D /* CRectangleCollectionViewController.swift */,
			);
			name = Controllers;
			sourceTree = "<group>";
		};
		D528E1781B447F2A008C269E /* Controls */ = {
			isa = PBXGroup;
			children = (
				D54663B71B4485480089FD2D /* CPolygonCollectionViewCell.swift */,
				D54663B81B4485480089FD2D /* CRectangleCollectionViewCell.swift */,
			);
			name = Controls;
			sourceTree = "<group>";
		};
		D528E1791B447F39008C269E /* Layouts */ = {
			isa = PBXGroup;
			children = (
				D54663B11B44852B0089FD2D /* CBaseCollectionViewLayout.swift */,
				D54663B21B44852B0089FD2D /* CPolygonCollectionViewLayout.swift */,
				D54663B31B44852B0089FD2D /* CRectangleCollectionViewLayout.swift */,
			);
			name = Layouts;
			sourceTree = "<group>";
		};
		D55ADDD31B447DC800ADB226 = {
			isa = PBXGroup;
			children = (
				D55ADDDE1B447DC800ADB226 /* ConcentricGridViewExample */,
				D55ADDDD1B447DC800ADB226 /* Products */,
				85F0903AB92B6593743E6A39 /* Pods */,
				85A0FB6A0B5D3AFA832A277C /* Frameworks */,
			);
			sourceTree = "<group>";
		};
		D55ADDDD1B447DC800ADB226 /* Products */ = {
			isa = PBXGroup;
			children = (
				D55ADDDC1B447DC800ADB226 /* ConcentricGridViewExample.app */,
			);
			name = Products;
			sourceTree = "<group>";
		};
		D55ADDDE1B447DC800ADB226 /* ConcentricGridViewExample */ = {
			isa = PBXGroup;
			children = (
				D528E1791B447F39008C269E /* Layouts */,
				D528E1781B447F2A008C269E /* Controls */,
				D528E1771B447F1D008C269E /* Controllers */,
				D55ADDE11B447DC800ADB226 /* AppDelegate.swift */,
				D55ADDE71B447DC800ADB226 /* Main.storyboard */,
				D55ADDEA1B447DC800ADB226 /* Images.xcassets */,
				D55ADDEC1B447DC800ADB226 /* LaunchScreen.xib */,
				D55ADDDF1B447DC800ADB226 /* Supporting Files */,
			);
			path = ConcentricGridViewExample;
			sourceTree = "<group>";
		};
		D55ADDDF1B447DC800ADB226 /* Supporting Files */ = {
			isa = PBXGroup;
			children = (
				D55ADDE01B447DC800ADB226 /* Info.plist */,
			);
			name = "Supporting Files";
			sourceTree = "<group>";
		};
/* End PBXGroup section */

/* Begin PBXNativeTarget section */
		D55ADDDB1B447DC800ADB226 /* ConcentricGridViewExample */ = {
			isa = PBXNativeTarget;
			buildConfigurationList = D55ADDFD1B447DC800ADB226 /* Build configuration list for PBXNativeTarget "ConcentricGridViewExample" */;
			buildPhases = (
				0992B07DFF24F18AB872BC97 /* Check Pods Manifest.lock */,
				D55ADDD81B447DC800ADB226 /* Sources */,
				D55ADDD91B447DC800ADB226 /* Frameworks */,
				D55ADDDA1B447DC800ADB226 /* Resources */,
				02439EE4F242E6B5D6313BF3 /* Embed Pods Frameworks */,
				601D00E3526E33115B7864A3 /* Copy Pods Resources */,
			);
			buildRules = (
			);
			dependencies = (
			);
			name = ConcentricGridViewExample;
			productName = ConcentricGridViewExample;
			productReference = D55ADDDC1B447DC800ADB226 /* ConcentricGridViewExample.app */;
			productType = "com.apple.product-type.application";
		};
/* End PBXNativeTarget section */

/* Begin PBXProject section */
		D55ADDD41B447DC800ADB226 /* Project object */ = {
			isa = PBXProject;
			attributes = {
				LastSwiftUpdateCheck = 0700;
				LastUpgradeCheck = 0700;
				ORGANIZATIONNAME = "SHAPE GmbH.";
				TargetAttributes = {
					D55ADDDB1B447DC800ADB226 = {
						CreatedOnToolsVersion = 6.3.2;
					};
				};
			};
			buildConfigurationList = D55ADDD71B447DC800ADB226 /* Build configuration list for PBXProject "ConcentricGridViewExample" */;
			compatibilityVersion = "Xcode 3.2";
			developmentRegion = English;
			hasScannedForEncodings = 0;
			knownRegions = (
				en,
				Base,
			);
			mainGroup = D55ADDD31B447DC800ADB226;
			productRefGroup = D55ADDDD1B447DC800ADB226 /* Products */;
			projectDirPath = "";
			projectRoot = "";
			targets = (
				D55ADDDB1B447DC800ADB226 /* ConcentricGridViewExample */,
			);
		};
/* End PBXProject section */

/* Begin PBXResourcesBuildPhase section */
		D55ADDDA1B447DC800ADB226 /* Resources */ = {
			isa = PBXResourcesBuildPhase;
			buildActionMask = 2147483647;
			files = (
				D55ADDE91B447DC800ADB226 /* Main.storyboard in Resources */,
				D55ADDEE1B447DC800ADB226 /* LaunchScreen.xib in Resources */,
				D55ADDEB1B447DC800ADB226 /* Images.xcassets in Resources */,
			);
			runOnlyForDeploymentPostprocessing = 0;
		};
/* End PBXResourcesBuildPhase section */

/* Begin PBXShellScriptBuildPhase section */
		02439EE4F242E6B5D6313BF3 /* Embed Pods Frameworks */ = {
			isa = PBXShellScriptBuildPhase;
			buildActionMask = 2147483647;
			files = (
			);
			inputPaths = (
			);
			name = "Embed Pods Frameworks";
			outputPaths = (
			);
			runOnlyForDeploymentPostprocessing = 0;
			shellPath = /bin/sh;
			shellScript = "\"${SRCROOT}/Pods/Target Support Files/Pods/Pods-frameworks.sh\"\n";
			showEnvVarsInLog = 0;
		};
		0992B07DFF24F18AB872BC97 /* Check Pods Manifest.lock */ = {
			isa = PBXShellScriptBuildPhase;
			buildActionMask = 2147483647;
			files = (
			);
			inputPaths = (
			);
			name = "Check Pods Manifest.lock";
			outputPaths = (
			);
			runOnlyForDeploymentPostprocessing = 0;
			shellPath = /bin/sh;
			shellScript = "diff \"${PODS_ROOT}/../Podfile.lock\" \"${PODS_ROOT}/Manifest.lock\" > /dev/null\nif [[ $? != 0 ]] ; then\n    cat << EOM\nerror: The sandbox is not in sync with the Podfile.lock. Run 'pod install' or update your CocoaPods installation.\nEOM\n    exit 1\nfi\n";
			showEnvVarsInLog = 0;
		};
		601D00E3526E33115B7864A3 /* Copy Pods Resources */ = {
			isa = PBXShellScriptBuildPhase;
			buildActionMask = 2147483647;
			files = (
			);
			inputPaths = (
			);
			name = "Copy Pods Resources";
			outputPaths = (
			);
			runOnlyForDeploymentPostprocessing = 0;
			shellPath = /bin/sh;
			shellScript = "\"${SRCROOT}/Pods/Target Support Files/Pods/Pods-resources.sh\"\n";
			showEnvVarsInLog = 0;
		};
/* End PBXShellScriptBuildPhase section */

/* Begin PBXSourcesBuildPhase section */
		D55ADDD81B447DC800ADB226 /* Sources */ = {
			isa = PBXSourcesBuildPhase;
			buildActionMask = 2147483647;
			files = (
				D54663B51B44852B0089FD2D /* CPolygonCollectionViewLayout.swift in Sources */,
				D54663C01B44856D0089FD2D /* CRectangleCollectionViewController.swift in Sources */,
				D54663B91B4485480089FD2D /* CPolygonCollectionViewCell.swift in Sources */,
				D54663B41B44852B0089FD2D /* CBaseCollectionViewLayout.swift in Sources */,
				D54663B61B44852B0089FD2D /* CRectangleCollectionViewLayout.swift in Sources */,
				D55ADDE21B447DC800ADB226 /* AppDelegate.swift in Sources */,
				D54663BE1B44856D0089FD2D /* CBaseCollectionViewController.swift in Sources */,
				D54663BA1B4485480089FD2D /* CRectangleCollectionViewCell.swift in Sources */,
				D54663BF1B44856D0089FD2D /* CPolygonCollectionViewController.swift in Sources */,
			);
			runOnlyForDeploymentPostprocessing = 0;
		};
/* End PBXSourcesBuildPhase section */

/* Begin PBXVariantGroup section */
		D55ADDE71B447DC800ADB226 /* Main.storyboard */ = {
			isa = PBXVariantGroup;
			children = (
				D55ADDE81B447DC800ADB226 /* Base */,
			);
			name = Main.storyboard;
			sourceTree = "<group>";
		};
		D55ADDEC1B447DC800ADB226 /* LaunchScreen.xib */ = {
			isa = PBXVariantGroup;
			children = (
				D55ADDED1B447DC800ADB226 /* Base */,
			);
			name = LaunchScreen.xib;
			sourceTree = "<group>";
		};
/* End PBXVariantGroup section */

/* Begin XCBuildConfiguration section */
		D55ADDFB1B447DC800ADB226 /* Debug */ = {
			isa = XCBuildConfiguration;
			buildSettings = {
				ALWAYS_SEARCH_USER_PATHS = NO;
				CLANG_CXX_LANGUAGE_STANDARD = "gnu++0x";
				CLANG_CXX_LIBRARY = "libc++";
				CLANG_ENABLE_MODULES = YES;
				CLANG_ENABLE_OBJC_ARC = YES;
				CLANG_WARN_BOOL_CONVERSION = YES;
				CLANG_WARN_CONSTANT_CONVERSION = YES;
				CLANG_WARN_DIRECT_OBJC_ISA_USAGE = YES_ERROR;
				CLANG_WARN_EMPTY_BODY = YES;
				CLANG_WARN_ENUM_CONVERSION = YES;
				CLANG_WARN_INT_CONVERSION = YES;
				CLANG_WARN_OBJC_ROOT_CLASS = YES_ERROR;
				CLANG_WARN_UNREACHABLE_CODE = YES;
				CLANG_WARN__DUPLICATE_METHOD_MATCH = YES;
				"CODE_SIGN_IDENTITY[sdk=iphoneos*]" = "iPhone Developer";
				COPY_PHASE_STRIP = NO;
				DEBUG_INFORMATION_FORMAT = "dwarf-with-dsym";
				ENABLE_STRICT_OBJC_MSGSEND = YES;
				ENABLE_TESTABILITY = YES;
				GCC_C_LANGUAGE_STANDARD = gnu99;
				GCC_DYNAMIC_NO_PIC = NO;
				GCC_NO_COMMON_BLOCKS = YES;
				GCC_OPTIMIZATION_LEVEL = 0;
				GCC_PREPROCESSOR_DEFINITIONS = (
					"DEBUG=1",
					"$(inherited)",
				);
				GCC_SYMBOLS_PRIVATE_EXTERN = NO;
				GCC_WARN_64_TO_32_BIT_CONVERSION = YES;
				GCC_WARN_ABOUT_RETURN_TYPE = YES_ERROR;
				GCC_WARN_UNDECLARED_SELECTOR = YES;
				GCC_WARN_UNINITIALIZED_AUTOS = YES_AGGRESSIVE;
				GCC_WARN_UNUSED_FUNCTION = YES;
				GCC_WARN_UNUSED_VARIABLE = YES;
				IPHONEOS_DEPLOYMENT_TARGET = 8.3;
				MTL_ENABLE_DEBUG_INFO = YES;
				ONLY_ACTIVE_ARCH = YES;
				SDKROOT = iphoneos;
				SWIFT_OPTIMIZATION_LEVEL = "-Onone";
				TARGETED_DEVICE_FAMILY = "1,2";
			};
			name = Debug;
		};
		D55ADDFC1B447DC800ADB226 /* Release */ = {
			isa = XCBuildConfiguration;
			buildSettings = {
				ALWAYS_SEARCH_USER_PATHS = NO;
				CLANG_CXX_LANGUAGE_STANDARD = "gnu++0x";
				CLANG_CXX_LIBRARY = "libc++";
				CLANG_ENABLE_MODULES = YES;
				CLANG_ENABLE_OBJC_ARC = YES;
				CLANG_WARN_BOOL_CONVERSION = YES;
				CLANG_WARN_CONSTANT_CONVERSION = YES;
				CLANG_WARN_DIRECT_OBJC_ISA_USAGE = YES_ERROR;
				CLANG_WARN_EMPTY_BODY = YES;
				CLANG_WARN_ENUM_CONVERSION = YES;
				CLANG_WARN_INT_CONVERSION = YES;
				CLANG_WARN_OBJC_ROOT_CLASS = YES_ERROR;
				CLANG_WARN_UNREACHABLE_CODE = YES;
				CLANG_WARN__DUPLICATE_METHOD_MATCH = YES;
				"CODE_SIGN_IDENTITY[sdk=iphoneos*]" = "iPhone Developer";
				COPY_PHASE_STRIP = NO;
				DEBUG_INFORMATION_FORMAT = "dwarf-with-dsym";
				ENABLE_NS_ASSERTIONS = NO;
				ENABLE_STRICT_OBJC_MSGSEND = YES;
				GCC_C_LANGUAGE_STANDARD = gnu99;
				GCC_NO_COMMON_BLOCKS = YES;
				GCC_WARN_64_TO_32_BIT_CONVERSION = YES;
				GCC_WARN_ABOUT_RETURN_TYPE = YES_ERROR;
				GCC_WARN_UNDECLARED_SELECTOR = YES;
				GCC_WARN_UNINITIALIZED_AUTOS = YES_AGGRESSIVE;
				GCC_WARN_UNUSED_FUNCTION = YES;
				GCC_WARN_UNUSED_VARIABLE = YES;
				IPHONEOS_DEPLOYMENT_TARGET = 8.3;
				MTL_ENABLE_DEBUG_INFO = NO;
				SDKROOT = iphoneos;
				TARGETED_DEVICE_FAMILY = "1,2";
				VALIDATE_PRODUCT = YES;
			};
			name = Release;
		};
		D55ADDFE1B447DC800ADB226 /* Debug */ = {
			isa = XCBuildConfiguration;
			baseConfigurationReference = 191E0722E8E457B283C144D8 /* Pods.debug.xcconfig */;
			buildSettings = {
				ASSETCATALOG_COMPILER_APPICON_NAME = AppIcon;
				INFOPLIST_FILE = ConcentricGridViewExample/Info.plist;
				LD_RUNPATH_SEARCH_PATHS = "$(inherited) @executable_path/Frameworks";
				PRODUCT_BUNDLE_IDENTIFIER = "shape.ag.$(PRODUCT_NAME:rfc1034identifier)";
				PRODUCT_NAME = "$(TARGET_NAME)";
			};
			name = Debug;
		};
		D55ADDFF1B447DC800ADB226 /* Release */ = {
			isa = XCBuildConfiguration;
			baseConfigurationReference = EBD9B7AB6A7FD2B4FE9BF00D /* Pods.release.xcconfig */;
			buildSettings = {
				ASSETCATALOG_COMPILER_APPICON_NAME = AppIcon;
				INFOPLIST_FILE = ConcentricGridViewExample/Info.plist;
				LD_RUNPATH_SEARCH_PATHS = "$(inherited) @executable_path/Frameworks";
				PRODUCT_BUNDLE_IDENTIFIER = "shape.ag.$(PRODUCT_NAME:rfc1034identifier)";
				PRODUCT_NAME = "$(TARGET_NAME)";
			};
			name = Release;
		};
/* End XCBuildConfiguration section */

/* Begin XCConfigurationList section */
		D55ADDD71B447DC800ADB226 /* Build configuration list for PBXProject "ConcentricGridViewExample" */ = {
			isa = XCConfigurationList;
			buildConfigurations = (
				D55ADDFB1B447DC800ADB226 /* Debug */,
				D55ADDFC1B447DC800ADB226 /* Release */,
			);
			defaultConfigurationIsVisible = 0;
			defaultConfigurationName = Release;
		};
		D55ADDFD1B447DC800ADB226 /* Build configuration list for PBXNativeTarget "ConcentricGridViewExample" */ = {
			isa = XCConfigurationList;
			buildConfigurations = (
				D55ADDFE1B447DC800ADB226 /* Debug */,
				D55ADDFF1B447DC800ADB226 /* Release */,
			);
			defaultConfigurationIsVisible = 0;
			defaultConfigurationName = Release;
		};
/* End XCConfigurationList section */
	};
	rootObject = D55ADDD41B447DC800ADB226 /* Project object */;
}
